
Microsoft Visual Studio Solution File, Format Version 12.00
# Visual Studio 15
Project("{FAE04EC0-301F-11D3-BF4B-00C04F79EFBC}") = "Assembly-CSharp", "Assembly-CSharp.csproj", "{BA078731-A069-3922-9122-8E3AC2734526}"
EndProject
Global
	GlobalSection(SolutionConfigurationPlatforms) = preSolution
		Debug|Any CPU = Debug|Any CPU
		Release|Any CPU = Release|Any CPU
	EndGlobalSection
	GlobalSection(ProjectConfigurationPlatforms) = postSolution
		{BA078731-A069-3922-9122-8E3AC2734526}.Debug|Any CPU.ActiveCfg = Debug|Any CPU
		{BA078731-A069-3922-9122-8E3AC2734526}.Debug|Any CPU.Build.0 = Debug|Any CPU
		{BA078731-A069-3922-9122-8E3AC2734526}.Release|Any CPU.ActiveCfg = Release|Any CPU
		{BA078731-A069-3922-9122-8E3AC2734526}.Release|Any CPU.Build.0 = Release|Any CPU
	EndGlobalSection
	GlobalSection(SolutionProperties) = preSolution
		HideSolutionNode = FALSE
	EndGlobalSection
EndGlobal
